
Microsoft Visual Studio Solution File, Format Version 12.00
# Visual Studio Version 16
VisualStudioVersion = 16.0.29230.47
MinimumVisualStudioVersion = 10.0.40219.1
Project("{FAE04EC0-301F-11D3-BF4B-00C04F79EFBC}") = "ListBox notities app", "ListBox notities app\ListBox notities app.csproj", "{43A68431-445E-4113-BD58-03230E5FEBA1}"
EndProject
Global
	GlobalSection(SolutionConfigurationPlatforms) = preSolution
		Debug|Any CPU = Debug|Any CPU
		Release|Any CPU = Release|Any CPU
	EndGlobalSection
	GlobalSection(ProjectConfigurationPlatforms) = postSolution
		{43A68431-445E-4113-BD58-03230E5FEBA1}.Debug|Any CPU.ActiveCfg = Debug|Any CPU
		{43A68431-445E-4113-BD58-03230E5FEBA1}.Debug|Any CPU.Build.0 = Debug|Any CPU
		{43A68431-445E-4113-BD58-03230E5FEBA1}.Release|Any CPU.ActiveCfg = Release|Any CPU
		{43A68431-445E-4113-BD58-03230E5FEBA1}.Release|Any CPU.Build.0 = Release|Any CPU
	EndGlobalSection
	GlobalSection(SolutionProperties) = preSolution
		HideSolutionNode = FALSE
	EndGlobalSection
	GlobalSection(ExtensibilityGlobals) = postSolution
		SolutionGuid = {4B09AC36-A322-4011-9B2F-2D28A3ACE5AA}
	EndGlobalSection
EndGlobal
