
Microsoft Visual Studio Solution File, Format Version 12.00
# Visual Studio Version 16
VisualStudioVersion = 16.0.29230.47
MinimumVisualStudioVersion = 10.0.40219.1
Project("{FAE04EC0-301F-11D3-BF4B-00C04F79EFBC}") = "Budget overzicht app", "Budget overzicht app\Budget overzicht app.csproj", "{66EF7435-024F-4C8E-97C7-C931ADB98020}"
EndProject
Global
	GlobalSection(SolutionConfigurationPlatforms) = preSolution
		Debug|Any CPU = Debug|Any CPU
		Release|Any CPU = Release|Any CPU
	EndGlobalSection
	GlobalSection(ProjectConfigurationPlatforms) = postSolution
		{66EF7435-024F-4C8E-97C7-C931ADB98020}.Debug|Any CPU.ActiveCfg = Debug|Any CPU
		{66EF7435-024F-4C8E-97C7-C931ADB98020}.Debug|Any CPU.Build.0 = Debug|Any CPU
		{66EF7435-024F-4C8E-97C7-C931ADB98020}.Release|Any CPU.ActiveCfg = Release|Any CPU
		{66EF7435-024F-4C8E-97C7-C931ADB98020}.Release|Any CPU.Build.0 = Release|Any CPU
	EndGlobalSection
	GlobalSection(SolutionProperties) = preSolution
		HideSolutionNode = FALSE
	EndGlobalSection
	GlobalSection(ExtensibilityGlobals) = postSolution
		SolutionGuid = {4DAD69EE-8316-4ED2-B473-7A2628F4A506}
	EndGlobalSection
EndGlobal
