
Microsoft Visual Studio Solution File, Format Version 12.00
# Visual Studio Version 16
VisualStudioVersion = 16.0.29230.47
MinimumVisualStudioVersion = 10.0.40219.1
Project("{FAE04EC0-301F-11D3-BF4B-00C04F79EFBC}") = "BMI calculator app", "BMI calculator app\BMI calculator app.csproj", "{273BF88D-C5DA-42D5-8A9B-339395287374}"
EndProject
Global
	GlobalSection(SolutionConfigurationPlatforms) = preSolution
		Debug|Any CPU = Debug|Any CPU
		Release|Any CPU = Release|Any CPU
	EndGlobalSection
	GlobalSection(ProjectConfigurationPlatforms) = postSolution
		{273BF88D-C5DA-42D5-8A9B-339395287374}.Debug|Any CPU.ActiveCfg = Debug|Any CPU
		{273BF88D-C5DA-42D5-8A9B-339395287374}.Debug|Any CPU.Build.0 = Debug|Any CPU
		{273BF88D-C5DA-42D5-8A9B-339395287374}.Release|Any CPU.ActiveCfg = Release|Any CPU
		{273BF88D-C5DA-42D5-8A9B-339395287374}.Release|Any CPU.Build.0 = Release|Any CPU
	EndGlobalSection
	GlobalSection(SolutionProperties) = preSolution
		HideSolutionNode = FALSE
	EndGlobalSection
	GlobalSection(ExtensibilityGlobals) = postSolution
		SolutionGuid = {1A98349A-961E-4566-9BE2-4F3F896B91C2}
	EndGlobalSection
EndGlobal
