
Microsoft Visual Studio Solution File, Format Version 12.00
# Visual Studio Version 16
VisualStudioVersion = 16.0.29230.47
MinimumVisualStudioVersion = 10.0.40219.1
Project("{FAE04EC0-301F-11D3-BF4B-00C04F79EFBC}") = "List en Array demo app", "List en Array demo app\List en Array demo app.csproj", "{BE961DA0-219D-44E2-834A-26C8DBDEC3D0}"
EndProject
Global
	GlobalSection(SolutionConfigurationPlatforms) = preSolution
		Debug|Any CPU = Debug|Any CPU
		Release|Any CPU = Release|Any CPU
	EndGlobalSection
	GlobalSection(ProjectConfigurationPlatforms) = postSolution
		{BE961DA0-219D-44E2-834A-26C8DBDEC3D0}.Debug|Any CPU.ActiveCfg = Debug|Any CPU
		{BE961DA0-219D-44E2-834A-26C8DBDEC3D0}.Debug|Any CPU.Build.0 = Debug|Any CPU
		{BE961DA0-219D-44E2-834A-26C8DBDEC3D0}.Release|Any CPU.ActiveCfg = Release|Any CPU
		{BE961DA0-219D-44E2-834A-26C8DBDEC3D0}.Release|Any CPU.Build.0 = Release|Any CPU
	EndGlobalSection
	GlobalSection(SolutionProperties) = preSolution
		HideSolutionNode = FALSE
	EndGlobalSection
	GlobalSection(ExtensibilityGlobals) = postSolution
		SolutionGuid = {C7B76EA7-56D8-40EB-9802-A53078D297E4}
	EndGlobalSection
EndGlobal
